version = 1
requires-python = ">=3.12"

[[package]]
name = "z3-solver"
version = "4.13.3.0"
source = { registry = "https://pypi.org/simple" }
sdist = { url = "https://files.pythonhosted.org/packages/12/43/66654a437cd16bc25802284bd0f7ee94a679993ec0d90df25d2cbb595239/z3_solver-4.13.3.0.tar.gz", hash = "sha256:4c27466455bac65d3c512f4bb4841ac79e05e121d3f98ddc99ac27ab4bc27e05", size = 4899797 }
wheels = [
    { url = "https://files.pythonhosted.org/packages/5b/3e/fbefba102a95621b2eb9030acbb74338ab6078d2fef587ba3dc2a705bc4b/z3_solver-4.13.3.0-py3-none-macosx_13_0_arm64.whl", hash = "sha256:cae621cb47ebcf055f6a27285343d5c932f4c282b15c5d2840327e73e15a86a4", size = 35854175 },
    { url = "https://files.pythonhosted.org/packages/2f/c3/dde2e0ec7bd698bfa3d9b6d6eb5dcc4eb6434a5dc8430c2ac97eb413b1f4/z3_solver-4.13.3.0-py3-none-macosx_13_0_x86_64.whl", hash = "sha256:7900fbd1917164c938a20bea7845f7b95fcb431d0ade474d408f979196bccb8f", size = 38534677 },
    { url = "https://files.pythonhosted.org/packages/b6/f2/036f6501d3a2835cd4a17fd67364cd56337a5183e20b063d3d8a005f7288/z3_solver-4.13.3.0-py3-none-manylinux_2_17_x86_64.manylinux2014_x86_64.whl", hash = "sha256:794843e4946ade1561e40a75ffc1163b45d36b493fd6cc269ad1d6a65bddb8e5", size = 28124043 },
    { url = "https://files.pythonhosted.org/packages/1c/ff/51b34658ceca98978be0d0e5161bc239015188debc4e3895803a311608fd/z3_solver-4.13.3.0-py3-none-manylinux_2_34_aarch64.whl", hash = "sha256:ab5057cb1f4680406a232d2c1d968daaf69fae10685baa0887b85ca8e938a5cf", size = 26208542 },
    { url = "https://files.pythonhosted.org/packages/18/75/adfd645c3e3418052675b06717c4339f423ca7b51b7185fb0897f913acdc/z3_solver-4.13.3.0-py3-none-win32.whl", hash = "sha256:ba465489e9ab609f1cf0f232cbc102165b89a507347a6093c2ac3224cf161aa3", size = 12700057 },
    { url = "https://files.pythonhosted.org/packages/26/94/352fc6e18bd23056b57132bbe9d40facd5f70acebe23a6c49bfd89fa2bc0/z3_solver-4.13.3.0-py3-none-win_amd64.whl", hash = "sha256:d55e4793fa48230af766c7f6f7f033198b2d9df150d89ec65b07fd7b87998897", size = 15606445 },
]

[[package]]
name = "z4-solver"
version = "2023.12.6"
source = { editable = "." }
dependencies = [
    { name = "z3-solver" },
]

[package.metadata]
requires-dist = [{ name = "z3-solver", specifier = ">=4.13.3.0" }]
